PODS:
  - AFNetworking (2.4.1):
    - AFNetworking/NSURLConnection (= 2.4.1)
    - AFNetworking/NSURLSession (= 2.4.1)
    - AFNetworking/Reachability (= 2.4.1)
    - AFNetworking/Security (= 2.4.1)
    - AFNetworking/Serialization (= 2.4.1)
    - AFNetworking/UIKit (= 2.4.1)
  - AFNetworking/NSURLConnection (2.4.1):
    - AFNetworking/Reachability
    - AFNetworking/Security
    - AFNetworking/Serialization
  - AFNetworking/NSURLSession (2.4.1):
    - AFNetworking/Reachability
    - AFNetworking/Security
    - AFNetworking/Serialization
  - AFNetworking/Reachability (2.4.1)
  - AFNetworking/Security (2.4.1)
  - AFNetworking/Serialization (2.4.1)
  - AFNetworking/UIKit (2.4.1):
    - AFNetworking/NSURLConnection
    - AFNetworking/NSURLSession
  - BaseTab (0.0.1)
  - Masonry (1.0.1)
  - MBProgressHUD (0.9.2)
  - MJRefresh (3.1.0)
  - Reachability (3.1.1)
  - SDWebImage (3.7.6):
    - SDWebImage/Core (= 3.7.6)
  - SDWebImage/Core (3.7.6)
  - UMengAnalytics (4.0.4)
  - UMengSocialCOM (5.2.1)

DEPENDENCIES:
  - AFNetworking (~> 2.4.1)
  - BaseTab (from `https://github.com/daisyNew/BaseTab.git`)
  - Masonry (~> 1.0.0)
  - MBProgressHUD (~> 0.9.2)
  - MJRefresh (~> 3.1.0)
  - Reachability (~> 3.1.1)
  - SDWebImage (~> 3.7.5)
  - UMengAnalytics
  - UMengSocialCOM (~> 5.2.1)

EXTERNAL SOURCES:
  BaseTab:
    :git: https://github.com/daisyNew/BaseTab.git

CHECKOUT OPTIONS:
  BaseTab:
    :commit: 8b4184cdb58e1d0d5ddab92b157c072c5a157529
    :git: https://github.com/daisyNew/BaseTab.git

SPEC CHECKSUMS:
  AFNetworking: 41d45d2c14219af0fa5addf3cfd433a002c13c9f
  BaseTab: 9de06694349701e83464439f8d9a3dd18815d907
  Masonry: a1a931a0d08870ed8ae415a2ea5ea68ebcac77df
  MBProgressHUD: 1569cf7ace17a8bac47aabfbb8580a49690386d1
  MJRefresh: 743e6404967d1c2c688472ea3ecfde247d872db4
  Reachability: dd9aa4fb6667b9f787690a74f53cb7634ce99893
  SDWebImage: c325cf02c30337336b95beff20a13df489ec0ec9
  UMengAnalytics: 4ed421fb3bca63b26fc13c947743cabf3831d199
  UMengSocialCOM: 074c135ce349aa4c8848d3fb8458757bcb6ffb67

PODFILE CHECKSUM: 50c303bbfe9293a988f3ba606d19efae60f54e8c

COCOAPODS: 1.0.1
